// !$*UTF8*$!
{
	archiveVersion = 1;
	classes = {
	};
	objectVersion = 55;
	objects = {

/* Begin PBXBuildFile section */
		07C97F0E2734D12800AB4187 /* MyContact2021.xcdatamodeld in Sources */ = {isa = PBXBuildFile; fileRef = 07C97EFB2734D12800AB4187 /* MyContact2021.xcdatamodeld */; };
		07C97F0F2734D12800AB4187 /* MyContact2021.xcdatamodeld in Sources */ = {isa = PBXBuildFile; fileRef = 07C97EFB2734D12800AB4187 /* MyContact2021.xcdatamodeld */; };
		07C97F102734D12800AB4187 /* MyContact2021App.swift in Sources */ = {isa = PBXBuildFile; fileRef = 07C97EFD2734D12800AB4187 /* MyContact2021App.swift */; };
		07C97F112734D12800AB4187 /* MyContact2021App.swift in Sources */ = {isa = PBXBuildFile; fileRef = 07C97EFD2734D12800AB4187 /* MyContact2021App.swift */; };
		07C97F122734D12800AB4187 /* ContentView.swift in Sources */ = {isa = PBXBuildFile; fileRef = 07C97EFE2734D12800AB4187 /* ContentView.swift */; };
		07C97F132734D12800AB4187 /* ContentView.swift in Sources */ = {isa = PBXBuildFile; fileRef = 07C97EFE2734D12800AB4187 /* ContentView.swift */; };
		07C97F142734D12800AB4187 /* Persistence.swift in Sources */ = {isa = PBXBuildFile; fileRef = 07C97EFF2734D12800AB4187 /* Persistence.swift */; };
		07C97F152734D12800AB4187 /* Persistence.swift in Sources */ = {isa = PBXBuildFile; fileRef = 07C97EFF2734D12800AB4187 /* Persistence.swift */; };
		07C97F162734D12800AB4187 /* Assets.xcassets in Resources */ = {isa = PBXBuildFile; fileRef = 07C97F002734D12800AB4187 /* Assets.xcassets */; };
		07C97F172734D12800AB4187 /* Assets.xcassets in Resources */ = {isa = PBXBuildFile; fileRef = 07C97F002734D12800AB4187 /* Assets.xcassets */; };
/* End PBXBuildFile section */

/* Begin PBXFileReference section */
		07C97EFC2734D12800AB4187 /* Shared.xcdatamodel */ = {isa = PBXFileReference; lastKnownFileType = wrapper.xcdatamodel; path = Shared.xcdatamodel; sourceTree = "<group>"; };
		07C97EFD2734D12800AB4187 /* MyContact2021App.swift */ = {isa = PBXFileReference; lastKnownFileType = sourcecode.swift; path = MyContact2021App.swift; sourceTree = "<group>"; };
		07C97EFE2734D12800AB4187 /* ContentView.swift */ = {isa = PBXFileReference; lastKnownFileType = sourcecode.swift; path = ContentView.swift; sourceTree = "<group>"; };
		07C97EFF2734D12800AB4187 /* Persistence.swift */ = {isa = PBXFileReference; lastKnownFileType = sourcecode.swift; path = Persistence.swift; sourceTree = "<group>"; };
		07C97F002734D12800AB4187 /* Assets.xcassets */ = {isa = PBXFileReference; lastKnownFileType = folder.assetcatalog; path = Assets.xcassets; sourceTree = "<group>"; };
		07C97F052734D12800AB4187 /* MyContact2021.app */ = {isa = PBXFileReference; explicitFileType = wrapper.application; includeInIndex = 0; path = MyContact2021.app; sourceTree = BUILT_PRODUCTS_DIR; };
		07C97F0B2734D12800AB4187 /* MyContact2021.app */ = {isa = PBXFileReference; explicitFileType = wrapper.application; includeInIndex = 0; path = MyContact2021.app; sourceTree = BUILT_PRODUCTS_DIR; };
		07C97F0D2734D12800AB4187 /* macOS.entitlements */ = {isa = PBXFileReference; lastKnownFileType = text.plist.entitlements; path = macOS.entitlements; sourceTree = "<group>"; };
/* End PBXFileReference section */

/* Begin PBXFrameworksBuildPhase section */
		07C97F022734D12800AB4187 /* Frameworks */ = {
			isa = PBXFrameworksBuildPhase;
			buildActionMask = 2147483647;
			files = (
			);
			runOnlyForDeploymentPostprocessing = 0;
		};
		07C97F082734D12800AB4187 /* Frameworks */ = {
			isa = PBXFrameworksBuildPhase;
			buildActionMask = 2147483647;
			files = (
			);
			runOnlyForDeploymentPostprocessing = 0;
		};
/* End PBXFrameworksBuildPhase section */

/* Begin PBXGroup section */
		07C97EF52734D12800AB4187 = {
			isa = PBXGroup;
			children = (
				07C97EFA2734D12800AB4187 /* Shared */,
				07C97F0C2734D12800AB4187 /* macOS */,
				07C97F062734D12800AB4187 /* Products */,
			);
			sourceTree = "<group>";
		};
		07C97EFA2734D12800AB4187 /* Shared */ = {
			isa = PBXGroup;
			children = (
				07C97EFD2734D12800AB4187 /* MyContact2021App.swift */,
				07C97EFE2734D12800AB4187 /* ContentView.swift */,
				07C97EFF2734D12800AB4187 /* Persistence.swift */,
				07C97F002734D12800AB4187 /* Assets.xcassets */,
				07C97EFB2734D12800AB4187 /* MyContact2021.xcdatamodeld */,
			);
			path = Shared;
			sourceTree = "<group>";
		};
		07C97F062734D12800AB4187 /* Products */ = {
			isa = PBXGroup;
			children = (
				07C97F052734D12800AB4187 /* MyContact2021.app */,
				07C97F0B2734D12800AB4187 /* MyContact2021.app */,
			);
			name = Products;
			sourceTree = "<group>";
		};
		07C97F0C2734D12800AB4187 /* macOS */ = {
			isa = PBXGroup;
			children = (
				07C97F0D2734D12800AB4187 /* macOS.entitlements */,
			);
			path = macOS;
			sourceTree = "<group>";
		};
/* End PBXGroup section */

/* Begin PBXNativeTarget section */
		07C97F042734D12800AB4187 /* MyContact2021 (iOS) */ = {
			isa = PBXNativeTarget;
			buildConfigurationList = 07C97F1A2734D12800AB4187 /* Build configuration list for PBXNativeTarget "MyContact2021 (iOS)" */;
			buildPhases = (
				07C97F012734D12800AB4187 /* Sources */,
				07C97F022734D12800AB4187 /* Frameworks */,
				07C97F032734D12800AB4187 /* Resources */,
			);
			buildRules = (
			);
			dependencies = (
			);
			name = "MyContact2021 (iOS)";
			productName = "MyContact2021 (iOS)";
			productReference = 07C97F052734D12800AB4187 /* MyContact2021.app */;
			productType = "com.apple.product-type.application";
		};
		07C97F0A2734D12800AB4187 /* MyContact2021 (macOS) */ = {
			isa = PBXNativeTarget;
			buildConfigurationList = 07C97F1D2734D12800AB4187 /* Build configuration list for PBXNativeTarget "MyContact2021 (macOS)" */;
			buildPhases = (
				07C97F072734D12800AB4187 /* Sources */,
				07C97F082734D12800AB4187 /* Frameworks */,
				07C97F092734D12800AB4187 /* Resources */,
			);
			buildRules = (
			);
			dependencies = (
			);
			name = "MyContact2021 (macOS)";
			productName = "MyContact2021 (macOS)";
			productReference = 07C97F0B2734D12800AB4187 /* MyContact2021.app */;
			productType = "com.apple.product-type.application";
		};
/* End PBXNativeTarget section */

/* Begin PBXProject section */
		07C97EF62734D12800AB4187 /* Project object */ = {
			isa = PBXProject;
			attributes = {
				BuildIndependentTargetsInParallel = 1;
				LastSwiftUpdateCheck = 1310;
				LastUpgradeCheck = 1310;
				TargetAttributes = {
					07C97F042734D12800AB4187 = {
						CreatedOnToolsVersion = 13.1;
					};
					07C97F0A2734D12800AB4187 = {
						CreatedOnToolsVersion = 13.1;
					};
				};
			};
			buildConfigurationList = 07C97EF92734D12800AB4187 /* Build configuration list for PBXProject "MyContact2021" */;
			compatibilityVersion = "Xcode 13.0";
			developmentRegion = en;
			hasScannedForEncodings = 0;
			knownRegions = (
				en,
				Base,
			);
			mainGroup = 07C97EF52734D12800AB4187;
			productRefGroup = 07C97F062734D12800AB4187 /* Products */;
			projectDirPath = "";
			projectRoot = "";
			targets = (
				07C97F042734D12800AB4187 /* MyContact2021 (iOS) */,
				07C97F0A2734D12800AB4187 /* MyContact2021 (macOS) */,
			);
		};
/* End PBXProject section */

/* Begin PBXResourcesBuildPhase section */
		07C97F032734D12800AB4187 /* Resources */ = {
			isa = PBXResourcesBuildPhase;
			buildActionMask = 2147483647;
			files = (
				07C97F162734D12800AB4187 /* Assets.xcassets in Resources */,
			);
			runOnlyForDeploymentPostprocessing = 0;
		};
		07C97F092734D12800AB4187 /* Resources */ = {
			isa = PBXResourcesBuildPhase;
			buildActionMask = 2147483647;
			files = (
				07C97F172734D12800AB4187 /* Assets.xcassets in Resources */,
			);
			runOnlyForDeploymentPostprocessing = 0;
		};
/* End PBXResourcesBuildPhase section */

/* Begin PBXSourcesBuildPhase section */
		07C97F012734D12800AB4187 /* Sources */ = {
			isa = PBXSourcesBuildPhase;
			buildActionMask = 2147483647;
			files = (
				07C97F0E2734D12800AB4187 /* MyContact2021.xcdatamodeld in Sources */,
				07C97F142734D12800AB4187 /* Persistence.swift in Sources */,
				07C97F102734D12800AB4187 /* MyContact2021App.swift in Sources */,
				07C97F122734D12800AB4187 /* ContentView.swift in Sources */,
			);
			runOnlyForDeploymentPostprocessing = 0;
		};
		07C97F072734D12800AB4187 /* Sources */ = {
			isa = PBXSourcesBuildPhase;
			buildActionMask = 2147483647;
			files = (
				07C97F0F2734D12800AB4187 /* MyContact2021.xcdatamodeld in Sources */,
				07C97F152734D12800AB4187 /* Persistence.swift in Sources */,
				07C97F112734D12800AB4187 /* MyContact2021App.swift in Sources */,
				07C97F132734D12800AB4187 /* ContentView.swift in Sources */,
			);
			runOnlyForDeploymentPostprocessing = 0;
		};
/* End PBXSourcesBuildPhase section */

/* Begin XCBuildConfiguration section */
		07C97F182734D12800AB4187 /* Debug */ = {
			isa = XCBuildConfiguration;
			buildSettings = {
				ALWAYS_SEARCH_USER_PATHS = NO;
				CLANG_ANALYZER_NONNULL = YES;
				CLANG_ANALYZER_NUMBER_OBJECT_CONVERSION = YES_AGGRESSIVE;
				CLANG_CXX_LANGUAGE_STANDARD = "gnu++17";
				CLANG_CXX_LIBRARY = "libc++";
				CLANG_ENABLE_MODULES = YES;
				CLANG_ENABLE_OBJC_ARC = YES;
				CLANG_ENABLE_OBJC_WEAK = YES;
				CLANG_WARN_BLOCK_CAPTURE_AUTORELEASING = YES;
				CLANG_WARN_BOOL_CONVERSION = YES;
				CLANG_WARN_COMMA = YES;
				CLANG_WARN_CONSTANT_CONVERSION = YES;
				CLANG_WARN_DEPRECATED_OBJC_IMPLEMENTATIONS = YES;
				CLANG_WARN_DIRECT_OBJC_ISA_USAGE = YES_ERROR;
				CLANG_WARN_DOCUMENTATION_COMMENTS = YES;
				CLANG_WARN_EMPTY_BODY = YES;
				CLANG_WARN_ENUM_CONVERSION = YES;
				CLANG_WARN_INFINITE_RECURSION = YES;
				CLANG_WARN_INT_CONVERSION = YES;
				CLANG_WARN_NON_LITERAL_NULL_CONVERSION = YES;
				CLANG_WARN_OBJC_IMPLICIT_RETAIN_SELF = YES;
				CLANG_WARN_OBJC_LITERAL_CONVERSION = YES;
				CLANG_WARN_OBJC_ROOT_CLASS = YES_ERROR;
				CLANG_WARN_QUOTED_INCLUDE_IN_FRAMEWORK_HEADER = YES;
				CLANG_WARN_RANGE_LOOP_ANALYSIS = YES;
				CLANG_WARN_STRICT_PROTOTYPES = YES;
				CLANG_WARN_SUSPICIOUS_MOVE = YES;
				CLANG_WARN_UNGUARDED_AVAILABILITY = YES_AGGRESSIVE;
				CLANG_WARN_UNREACHABLE_CODE = YES;
				CLANG_WARN__DUPLICATE_METHOD_MATCH = YES;
				COPY_PHASE_STRIP = NO;
				DEBUG_INFORMATION_FORMAT = dwarf;
				ENABLE_STRICT_OBJC_MSGSEND = YES;
				ENABLE_TESTABILITY = YES;
				GCC_C_LANGUAGE_STANDARD = gnu11;
				GCC_DYNAMIC_NO_PIC = NO;
				GCC_NO_COMMON_BLOCKS = YES;
				GCC_OPTIMIZATION_LEVEL = 0;
				GCC_PREPROCESSOR_DEFINITIONS = (
					"DEBUG=1",
					"$(inherited)",
				);
				GCC_WARN_64_TO_32_BIT_CONVERSION = YES;
				GCC_WARN_ABOUT_RETURN_TYPE = YES_ERROR;
				GCC_WARN_UNDECLARED_SELECTOR = YES;
				GCC_WARN_UNINITIALIZED_AUTOS = YES_AGGRESSIVE;
				GCC_WARN_UNUSED_FUNCTION = YES;
				GCC_WARN_UNUSED_VARIABLE = YES;
				MTL_ENABLE_DEBUG_INFO = INCLUDE_SOURCE;
				MTL_FAST_MATH = YES;
				ONLY_ACTIVE_ARCH = YES;
				SWIFT_ACTIVE_COMPILATION_CONDITIONS = DEBUG;
				SWIFT_OPTIMIZATION_LEVEL = "-Onone";
			};
			name = Debug;
		};
		07C97F192734D12800AB4187 /* Release */ = {
			isa = XCBuildConfiguration;
			buildSettings = {
				ALWAYS_SEARCH_USER_PATHS = NO;
				CLANG_ANALYZER_NONNULL = YES;
				CLANG_ANALYZER_NUMBER_OBJECT_CONVERSION = YES_AGGRESSIVE;
				CLANG_CXX_LANGUAGE_STANDARD = "gnu++17";
				CLANG_CXX_LIBRARY = "libc++";
				CLANG_ENABLE_MODULES = YES;
				CLANG_ENABLE_OBJC_ARC = YES;
				CLANG_ENABLE_OBJC_WEAK = YES;
				CLANG_WARN_BLOCK_CAPTURE_AUTORELEASING = YES;
				CLANG_WARN_BOOL_CONVERSION = YES;
				CLANG_WARN_COMMA = YES;
				CLANG_WARN_CONSTANT_CONVERSION = YES;
				CLANG_WARN_DEPRECATED_OBJC_IMPLEMENTATIONS = YES;
				CLANG_WARN_DIRECT_OBJC_ISA_USAGE = YES_ERROR;
				CLANG_WARN_DOCUMENTATION_COMMENTS = YES;
				CLANG_WARN_EMPTY_BODY = YES;
				CLANG_WARN_ENUM_CONVERSION = YES;
				CLANG_WARN_INFINITE_RECURSION = YES;
				CLANG_WARN_INT_CONVERSION = YES;
				CLANG_WARN_NON_LITERAL_NULL_CONVERSION = YES;
				CLANG_WARN_OBJC_IMPLICIT_RETAIN_SELF = YES;
				CLANG_WARN_OBJC_LITERAL_CONVERSION = YES;
				CLANG_WARN_OBJC_ROOT_CLASS = YES_ERROR;
				CLANG_WARN_QUOTED_INCLUDE_IN_FRAMEWORK_HEADER = YES;
				CLANG_WARN_RANGE_LOOP_ANALYSIS = YES;
				CLANG_WARN_STRICT_PROTOTYPES = YES;
				CLANG_WARN_SUSPICIOUS_MOVE = YES;
				CLANG_WARN_UNGUARDED_AVAILABILITY = YES_AGGRESSIVE;
				CLANG_WARN_UNREACHABLE_CODE = YES;
				CLANG_WARN__DUPLICATE_METHOD_MATCH = YES;
				COPY_PHASE_STRIP = NO;
				DEBUG_INFORMATION_FORMAT = "dwarf-with-dsym";
				ENABLE_NS_ASSERTIONS = NO;
				ENABLE_STRICT_OBJC_MSGSEND = YES;
				GCC_C_LANGUAGE_STANDARD = gnu11;
				GCC_NO_COMMON_BLOCKS = YES;
				GCC_WARN_64_TO_32_BIT_CONVERSION = YES;
				GCC_WARN_ABOUT_RETURN_TYPE = YES_ERROR;
				GCC_WARN_UNDECLARED_SELECTOR = YES;
				GCC_WARN_UNINITIALIZED_AUTOS = YES_AGGRESSIVE;
				GCC_WARN_UNUSED_FUNCTION = YES;
				GCC_WARN_UNUSED_VARIABLE = YES;
				MTL_ENABLE_DEBUG_INFO = NO;
				MTL_FAST_MATH = YES;
				SWIFT_COMPILATION_MODE = wholemodule;
				SWIFT_OPTIMIZATION_LEVEL = "-O";
			};
			name = Release;
		};
		07C97F1B2734D12800AB4187 /* Debug */ = {
			isa = XCBuildConfiguration;
			buildSettings = {
				ASSETCATALOG_COMPILER_APPICON_NAME = AppIcon;
				ASSETCATALOG_COMPILER_GLOBAL_ACCENT_COLOR_NAME = AccentColor;
				CODE_SIGN_STYLE = Automatic;
				CURRENT_PROJECT_VERSION = 1;
				ENABLE_PREVIEWS = YES;
				GENERATE_INFOPLIST_FILE = YES;
				INFOPLIST_KEY_UIApplicationSceneManifest_Generation = YES;
				INFOPLIST_KEY_UIApplicationSupportsIndirectInputEvents = YES;
				INFOPLIST_KEY_UILaunchScreen_Generation = YES;
				INFOPLIST_KEY_UISupportedInterfaceOrientations = UIInterfaceOrientationPortrait;
				INFOPLIST_KEY_UISupportedInterfaceOrientations_iPad = "UIInterfaceOrientationPortrait UIInterfaceOrientationPortraitUpsideDown UIInterfaceOrientationLandscapeLeft UIInterfaceOrientationLandscapeRight";
				INFOPLIST_KEY_UISupportedInterfaceOrientations_iPhone = "UIInterfaceOrientationPortrait UIInterfaceOrientationLandscapeLeft UIInterfaceOrientationLandscapeRight";
				IPHONEOS_DEPLOYMENT_TARGET = 15.0;
				LD_RUNPATH_SEARCH_PATHS = (
					"$(inherited)",
					"@executable_path/Frameworks",
				);
				MARKETING_VERSION = 1.0;
				PRODUCT_BUNDLE_IDENTIFIER = edu.rockvalleycollege.MyContact2021;
				PRODUCT_NAME = MyContact2021;
				SDKROOT = iphoneos;
				SWIFT_EMIT_LOC_STRINGS = YES;
				SWIFT_VERSION = 5.0;
				TARGETED_DEVICE_FAMILY = "1,2";
			};
			name = Debug;
		};
		07C97F1C2734D12800AB4187 /* Release */ = {
			isa = XCBuildConfiguration;
			buildSettings = {
				ASSETCATALOG_COMPILER_APPICON_NAME = AppIcon;
				ASSETCATALOG_COMPILER_GLOBAL_ACCENT_COLOR_NAME = AccentColor;
				CODE_SIGN_STYLE = Automatic;
				CURRENT_PROJECT_VERSION = 1;
				ENABLE_PREVIEWS = YES;
				GENERATE_INFOPLIST_FILE = YES;
				INFOPLIST_KEY_UIApplicationSceneManifest_Generation = YES;
				INFOPLIST_KEY_UIApplicationSupportsIndirectInputEvents = YES;
				INFOPLIST_KEY_UILaunchScreen_Generation = YES;
				INFOPLIST_KEY_UISupportedInterfaceOrientations = UIInterfaceOrientationPortrait;
				INFOPLIST_KEY_UISupportedInterfaceOrientations_iPad = "UIInterfaceOrientationPortrait UIInterfaceOrientationPortraitUpsideDown UIInterfaceOrientationLandscapeLeft UIInterfaceOrientationLandscapeRight";
				INFOPLIST_KEY_UISupportedInterfaceOrientations_iPhone = "UIInterfaceOrientationPortrait UIInterfaceOrientationLandscapeLeft UIInterfaceOrientationLandscapeRight";
				IPHONEOS_DEPLOYMENT_TARGET = 15.0;
				LD_RUNPATH_SEARCH_PATHS = (
					"$(inherited)",
					"@executable_path/Frameworks",
				);
				MARKETING_VERSION = 1.0;
				PRODUCT_BUNDLE_IDENTIFIER = edu.rockvalleycollege.MyContact2021;
				PRODUCT_NAME = MyContact2021;
				SDKROOT = iphoneos;
				SWIFT_EMIT_LOC_STRINGS = YES;
				SWIFT_VERSION = 5.0;
				TARGETED_DEVICE_FAMILY = "1,2";
				VALIDATE_PRODUCT = YES;
			};
			name = Release;
		};
		07C97F1E2734D12800AB4187 /* Debug */ = {
			isa = XCBuildConfiguration;
			buildSettings = {
				ASSETCATALOG_COMPILER_APPICON_NAME = AppIcon;
				ASSETCATALOG_COMPILER_GLOBAL_ACCENT_COLOR_NAME = AccentColor;
				CODE_SIGN_ENTITLEMENTS = macOS/macOS.entitlements;
				CODE_SIGN_STYLE = Automatic;
				COMBINE_HIDPI_IMAGES = YES;
				CURRENT_PROJECT_VERSION = 1;
				ENABLE_PREVIEWS = YES;
				GENERATE_INFOPLIST_FILE = YES;
				INFOPLIST_KEY_NSHumanReadableCopyright = "";
				LD_RUNPATH_SEARCH_PATHS = (
					"$(inherited)",
					"@executable_path/../Frameworks",
				);
				MACOSX_DEPLOYMENT_TARGET = 11.6;
				MARKETING_VERSION = 1.0;
				PRODUCT_BUNDLE_IDENTIFIER = edu.rockvalleycollege.MyContact2021;
				PRODUCT_NAME = MyContact2021;
				SDKROOT = macosx;
				SWIFT_EMIT_LOC_STRINGS = YES;
				SWIFT_VERSION = 5.0;
			};
			name = Debug;
		};
		07C97F1F2734D12800AB4187 /* Release */ = {
			isa = XCBuildConfiguration;
			buildSettings = {
				ASSETCATALOG_COMPILER_APPICON_NAME = AppIcon;
				ASSETCATALOG_COMPILER_GLOBAL_ACCENT_COLOR_NAME = AccentColor;
				CODE_SIGN_ENTITLEMENTS = macOS/macOS.entitlements;
				CODE_SIGN_STYLE = Automatic;
				COMBINE_HIDPI_IMAGES = YES;
				CURRENT_PROJECT_VERSION = 1;
				ENABLE_PREVIEWS = YES;
				GENERATE_INFOPLIST_FILE = YES;
				INFOPLIST_KEY_NSHumanReadableCopyright = "";
				LD_RUNPATH_SEARCH_PATHS = (
					"$(inherited)",
					"@executable_path/../Frameworks",
				);
				MACOSX_DEPLOYMENT_TARGET = 11.6;
				MARKETING_VERSION = 1.0;
				PRODUCT_BUNDLE_IDENTIFIER = edu.rockvalleycollege.MyContact2021;
				PRODUCT_NAME = MyContact2021;
				SDKROOT = macosx;
				SWIFT_EMIT_LOC_STRINGS = YES;
				SWIFT_VERSION = 5.0;
			};
			name = Release;
		};
/* End XCBuildConfiguration section */

/* Begin XCConfigurationList section */
		07C97EF92734D12800AB4187 /* Build configuration list for PBXProject "MyContact2021" */ = {
			isa = XCConfigurationList;
			buildConfigurations = (
				07C97F182734D12800AB4187 /* Debug */,
				07C97F192734D12800AB4187 /* Release */,
			);
			defaultConfigurationIsVisible = 0;
			defaultConfigurationName = Release;
		};
		07C97F1A2734D12800AB4187 /* Build configuration list for PBXNativeTarget "MyContact2021 (iOS)" */ = {
			isa = XCConfigurationList;
			buildConfigurations = (
				07C97F1B2734D12800AB4187 /* Debug */,
				07C97F1C2734D12800AB4187 /* Release */,
			);
			defaultConfigurationIsVisible = 0;
			defaultConfigurationName = Release;
		};
		07C97F1D2734D12800AB4187 /* Build configuration list for PBXNativeTarget "MyContact2021 (macOS)" */ = {
			isa = XCConfigurationList;
			buildConfigurations = (
				07C97F1E2734D12800AB4187 /* Debug */,
				07C97F1F2734D12800AB4187 /* Release */,
			);
			defaultConfigurationIsVisible = 0;
			defaultConfigurationName = Release;
		};
/* End XCConfigurationList section */

/* Begin XCVersionGroup section */
		07C97EFB2734D12800AB4187 /* MyContact2021.xcdatamodeld */ = {
			isa = XCVersionGroup;
			children = (
				07C97EFC2734D12800AB4187 /* Shared.xcdatamodel */,
			);
			currentVersion = 07C97EFC2734D12800AB4187 /* Shared.xcdatamodel */;
			path = MyContact2021.xcdatamodeld;
			sourceTree = "<group>";
			versionGroupType = wrapper.xcdatamodel;
		};
/* End XCVersionGroup section */
	};
	rootObject = 07C97EF62734D12800AB4187 /* Project object */;
}
